
Microsoft Visual Studio Solution File, Format Version 12.00
# Visual Studio Version 17
VisualStudioVersion = 17.13.35919.96 d17.13
MinimumVisualStudioVersion = 10.0.40219.1
Project("{FAE04EC0-301F-11D3-BF4B-00C04F79EFBC}") = "grocery_management", "grocery_management.csproj", "{50C25B52-71B5-1AB4-8E51-8CE27FAA0371}"
EndProject
Global
	GlobalSection(SolutionConfigurationPlatforms) = preSolution
		Debug|Any CPU = Debug|Any CPU
		Release|Any CPU = Release|Any CPU
	EndGlobalSection
	GlobalSection(ProjectConfigurationPlatforms) = postSolution
		{50C25B52-71B5-1AB4-8E51-8CE27FAA0371}.Debug|Any CPU.ActiveCfg = Debug|Any CPU
		{50C25B52-71B5-1AB4-8E51-8CE27FAA0371}.Debug|Any CPU.Build.0 = Debug|Any CPU
		{50C25B52-71B5-1AB4-8E51-8CE27FAA0371}.Release|Any CPU.ActiveCfg = Release|Any CPU
		{50C25B52-71B5-1AB4-8E51-8CE27FAA0371}.Release|Any CPU.Build.0 = Release|Any CPU
	EndGlobalSection
	GlobalSection(SolutionProperties) = preSolution
		HideSolutionNode = FALSE
	EndGlobalSection
	GlobalSection(ExtensibilityGlobals) = postSolution
		SolutionGuid = {53FFF214-E46F-4DD4-8653-218FD7B03675}
	EndGlobalSection
EndGlobal
